
Microsoft Visual Studio Solution File, Format Version 12.00
# Visual Studio Version 16
VisualStudioVersion = 16.0.30503.244
MinimumVisualStudioVersion = 10.0.40219.1
Project("{9A19103F-16F7-4668-BE54-9A1E7A4F7556}") = "OpenHack.University.Website.2.0", "OpenHack.University.Website.2.0\OpenHack.University.Website.2.0.csproj", "{4B93AA3D-DF02-4EF9-8840-524CA7C7375E}"
EndProject
Project("{FAE04EC0-301F-11D3-BF4B-00C04F79EFBC}") = "OpenHack.University.Services.1.0", "OpenHack.University.Services.1.0\OpenHack.University.Services.1.0.csproj", "{81722BC9-1AB5-40EB-B0B3-D4D55E5766E8}"
EndProject
Project("{9A19103F-16F7-4668-BE54-9A1E7A4F7556}") = "OpenHack.University.Services.Contract", "OpenHAck.University.Services.Contract\OpenHack.University.Services.Contract.csproj", "{C8A79685-B909-4C87-86A7-750D64920573}"
EndProject
Global
	GlobalSection(SolutionConfigurationPlatforms) = preSolution
		Debug|Any CPU = Debug|Any CPU
		Release|Any CPU = Release|Any CPU
	EndGlobalSection
	GlobalSection(ProjectConfigurationPlatforms) = postSolution
		{4B93AA3D-DF02-4EF9-8840-524CA7C7375E}.Debug|Any CPU.ActiveCfg = Debug|Any CPU
		{4B93AA3D-DF02-4EF9-8840-524CA7C7375E}.Debug|Any CPU.Build.0 = Debug|Any CPU
		{4B93AA3D-DF02-4EF9-8840-524CA7C7375E}.Release|Any CPU.ActiveCfg = Release|Any CPU
		{4B93AA3D-DF02-4EF9-8840-524CA7C7375E}.Release|Any CPU.Build.0 = Release|Any CPU
		{81722BC9-1AB5-40EB-B0B3-D4D55E5766E8}.Debug|Any CPU.ActiveCfg = Debug|Any CPU
		{81722BC9-1AB5-40EB-B0B3-D4D55E5766E8}.Debug|Any CPU.Build.0 = Debug|Any CPU
		{81722BC9-1AB5-40EB-B0B3-D4D55E5766E8}.Release|Any CPU.ActiveCfg = Release|Any CPU
		{81722BC9-1AB5-40EB-B0B3-D4D55E5766E8}.Release|Any CPU.Build.0 = Release|Any CPU
		{C8A79685-B909-4C87-86A7-750D64920573}.Debug|Any CPU.ActiveCfg = Debug|Any CPU
		{C8A79685-B909-4C87-86A7-750D64920573}.Debug|Any CPU.Build.0 = Debug|Any CPU
		{C8A79685-B909-4C87-86A7-750D64920573}.Release|Any CPU.ActiveCfg = Release|Any CPU
		{C8A79685-B909-4C87-86A7-750D64920573}.Release|Any CPU.Build.0 = Release|Any CPU
	EndGlobalSection
	GlobalSection(SolutionProperties) = preSolution
		HideSolutionNode = FALSE
	EndGlobalSection
	GlobalSection(ExtensibilityGlobals) = postSolution
		SolutionGuid = {19939341-F123-4BB2-A247-0E4AF7C893A3}
	EndGlobalSection
EndGlobal
